
Microsoft Visual Studio Solution File, Format Version 12.00
# Visual Studio Version 17
VisualStudioVersion = 17.1.32414.318
MinimumVisualStudioVersion = 10.0.40219.1
Project("{FAE04EC0-301F-11D3-BF4B-00C04F79EFBC}") = "Containers3000", "Containers3000\Containers3000.csproj", "{D07AFB4E-687A-43F8-B4D1-8224B72DB959}"
EndProject
Global
	GlobalSection(SolutionConfigurationPlatforms) = preSolution
		Debug|Any CPU = Debug|Any CPU
		Release|Any CPU = Release|Any CPU
	EndGlobalSection
	GlobalSection(ProjectConfigurationPlatforms) = postSolution
		{D07AFB4E-687A-43F8-B4D1-8224B72DB959}.Debug|Any CPU.ActiveCfg = Debug|Any CPU
		{D07AFB4E-687A-43F8-B4D1-8224B72DB959}.Debug|Any CPU.Build.0 = Debug|Any CPU
		{D07AFB4E-687A-43F8-B4D1-8224B72DB959}.Release|Any CPU.ActiveCfg = Release|Any CPU
		{D07AFB4E-687A-43F8-B4D1-8224B72DB959}.Release|Any CPU.Build.0 = Release|Any CPU
	EndGlobalSection
	GlobalSection(SolutionProperties) = preSolution
		HideSolutionNode = FALSE
	EndGlobalSection
	GlobalSection(ExtensibilityGlobals) = postSolution
		SolutionGuid = {EC327757-BD8B-41CE-B0F4-9D49B65A6B38}
	EndGlobalSection
EndGlobal
